
Microsoft Visual Studio Solution File, Format Version 12.00
# Visual Studio Version 16
VisualStudioVersion = 16.0.30204.135
MinimumVisualStudioVersion = 10.0.40219.1
Project("{FAE04EC0-301F-11D3-BF4B-00C04F79EFBC}") = "BetManager", "BetManager\BetManager.csproj", "{CBC33820-3F11-499B-96BD-A0AFC0E3780E}"
EndProject
Global
	GlobalSection(SolutionConfigurationPlatforms) = preSolution
		Debug|Any CPU = Debug|Any CPU
		Release|Any CPU = Release|Any CPU
	EndGlobalSection
	GlobalSection(ProjectConfigurationPlatforms) = postSolution
		{CBC33820-3F11-499B-96BD-A0AFC0E3780E}.Debug|Any CPU.ActiveCfg = Debug|Any CPU
		{CBC33820-3F11-499B-96BD-A0AFC0E3780E}.Debug|Any CPU.Build.0 = Debug|Any CPU
		{CBC33820-3F11-499B-96BD-A0AFC0E3780E}.Release|Any CPU.ActiveCfg = Release|Any CPU
		{CBC33820-3F11-499B-96BD-A0AFC0E3780E}.Release|Any CPU.Build.0 = Release|Any CPU
	EndGlobalSection
	GlobalSection(SolutionProperties) = preSolution
		HideSolutionNode = FALSE
	EndGlobalSection
	GlobalSection(ExtensibilityGlobals) = postSolution
		SolutionGuid = {2751D7FB-71CA-4613-8098-808F699B0993}
	EndGlobalSection
EndGlobal
